
Microsoft Visual Studio Solution File, Format Version 12.00
# Visual Studio 15
VisualStudioVersion = 15.0.28307.106
MinimumVisualStudioVersion = 10.0.40219.1
Project("{FAE04EC0-301F-11D3-BF4B-00C04F79EFBC}") = "DemoTagTrack", "DemoTagTrack\DemoTagTrack.csproj", "{6FA2225B-7BBA-402F-9E29-955ABA8C3DD2}"
EndProject
Global
	GlobalSection(SolutionConfigurationPlatforms) = preSolution
		Debug|Any CPU = Debug|Any CPU
		Release|Any CPU = Release|Any CPU
	EndGlobalSection
	GlobalSection(ProjectConfigurationPlatforms) = postSolution
		{6FA2225B-7BBA-402F-9E29-955ABA8C3DD2}.Debug|Any CPU.ActiveCfg = Debug|Any CPU
		{6FA2225B-7BBA-402F-9E29-955ABA8C3DD2}.Debug|Any CPU.Build.0 = Debug|Any CPU
		{6FA2225B-7BBA-402F-9E29-955ABA8C3DD2}.Release|Any CPU.ActiveCfg = Release|Any CPU
		{6FA2225B-7BBA-402F-9E29-955ABA8C3DD2}.Release|Any CPU.Build.0 = Release|Any CPU
	EndGlobalSection
	GlobalSection(SolutionProperties) = preSolution
		HideSolutionNode = FALSE
	EndGlobalSection
	GlobalSection(ExtensibilityGlobals) = postSolution
		SolutionGuid = {DBD02D01-ADED-44A1-A28B-E1668C344503}
	EndGlobalSection
EndGlobal
